
Microsoft Visual Studio Solution File, Format Version 12.00
# Visual Studio Version 16
VisualStudioVersion = 16.0.34931.43
MinimumVisualStudioVersion = 10.0.40219.1
Project("{FAE04EC0-301F-11D3-BF4B-00C04F79EFBC}") = "доломанжи1", "доломанжи1.csproj", "{01C25F74-0396-4FE7-BE8B-F2E7B51D7295}"
EndProject
Global
	GlobalSection(SolutionConfigurationPlatforms) = preSolution
		Debug|Any CPU = Debug|Any CPU
		Release|Any CPU = Release|Any CPU
	EndGlobalSection
	GlobalSection(ProjectConfigurationPlatforms) = postSolution
		{01C25F74-0396-4FE7-BE8B-F2E7B51D7295}.Debug|Any CPU.ActiveCfg = Debug|Any CPU
		{01C25F74-0396-4FE7-BE8B-F2E7B51D7295}.Debug|Any CPU.Build.0 = Debug|Any CPU
		{01C25F74-0396-4FE7-BE8B-F2E7B51D7295}.Release|Any CPU.ActiveCfg = Release|Any CPU
		{01C25F74-0396-4FE7-BE8B-F2E7B51D7295}.Release|Any CPU.Build.0 = Release|Any CPU
	EndGlobalSection
	GlobalSection(SolutionProperties) = preSolution
		HideSolutionNode = FALSE
	EndGlobalSection
	GlobalSection(ExtensibilityGlobals) = postSolution
		SolutionGuid = {03FCA91C-573F-44E8-957C-8D6B36F4ACC5}
	EndGlobalSection
EndGlobal
